
Microsoft Visual Studio Solution File, Format Version 12.00
# Visual Studio Version 17
VisualStudioVersion = 17.5.33530.505
MinimumVisualStudioVersion = 10.0.40219.1
Project("{FAE04EC0-301F-11D3-BF4B-00C04F79EFBC}") = "HomeWork_WinForm_N4", "HomeWork_WinForm_N4\HomeWork_WinForm_N4.csproj", "{83BB2776-1B87-467E-B34F-7AC9A734214A}"
EndProject
Global
	GlobalSection(SolutionConfigurationPlatforms) = preSolution
		Debug|Any CPU = Debug|Any CPU
		Release|Any CPU = Release|Any CPU
	EndGlobalSection
	GlobalSection(ProjectConfigurationPlatforms) = postSolution
		{83BB2776-1B87-467E-B34F-7AC9A734214A}.Debug|Any CPU.ActiveCfg = Debug|Any CPU
		{83BB2776-1B87-467E-B34F-7AC9A734214A}.Debug|Any CPU.Build.0 = Debug|Any CPU
		{83BB2776-1B87-467E-B34F-7AC9A734214A}.Release|Any CPU.ActiveCfg = Release|Any CPU
		{83BB2776-1B87-467E-B34F-7AC9A734214A}.Release|Any CPU.Build.0 = Release|Any CPU
	EndGlobalSection
	GlobalSection(SolutionProperties) = preSolution
		HideSolutionNode = FALSE
	EndGlobalSection
	GlobalSection(ExtensibilityGlobals) = postSolution
		SolutionGuid = {4021AAA8-D4A6-4E4C-835E-8B8087CC4BE4}
	EndGlobalSection
EndGlobal
